
Microsoft Visual Studio Solution File, Format Version 12.00
# Visual Studio 15
VisualStudioVersion = 15.0.28010.2036
MinimumVisualStudioVersion = 10.0.40219.1
Project("{FAE04EC0-301F-11D3-BF4B-00C04F79EFBC}") = "WebApplication1", "WebApplication1\WebApplication1.csproj", "{FBEB4E61-A3A7-44CB-A4CB-59FDB4C8A691}"
EndProject
Global
	GlobalSection(SolutionConfigurationPlatforms) = preSolution
		Debug|Any CPU = Debug|Any CPU
		Release|Any CPU = Release|Any CPU
	EndGlobalSection
	GlobalSection(ProjectConfigurationPlatforms) = postSolution
		{FBEB4E61-A3A7-44CB-A4CB-59FDB4C8A691}.Debug|Any CPU.ActiveCfg = Debug|Any CPU
		{FBEB4E61-A3A7-44CB-A4CB-59FDB4C8A691}.Debug|Any CPU.Build.0 = Debug|Any CPU
		{FBEB4E61-A3A7-44CB-A4CB-59FDB4C8A691}.Release|Any CPU.ActiveCfg = Release|Any CPU
		{FBEB4E61-A3A7-44CB-A4CB-59FDB4C8A691}.Release|Any CPU.Build.0 = Release|Any CPU
	EndGlobalSection
	GlobalSection(SolutionProperties) = preSolution
		HideSolutionNode = FALSE
	EndGlobalSection
	GlobalSection(ExtensibilityGlobals) = postSolution
		SolutionGuid = {65025112-5FB0-4A99-94F7-A2C8E766C596}
	EndGlobalSection
EndGlobal
